
Microsoft Visual Studio Solution File, Format Version 12.00
# Visual Studio Version 17
VisualStudioVersion = 17.10.35013.160
MinimumVisualStudioVersion = 10.0.40219.1
Project("{FAE04EC0-301F-11D3-BF4B-00C04F79EFBC}") = "midterm", "midterm\midterm.csproj", "{55CB56A7-66B1-4DC7-8A6C-1086327B7123}"
EndProject
Global
	GlobalSection(SolutionConfigurationPlatforms) = preSolution
		Debug|Any CPU = Debug|Any CPU
		Release|Any CPU = Release|Any CPU
	EndGlobalSection
	GlobalSection(ProjectConfigurationPlatforms) = postSolution
		{55CB56A7-66B1-4DC7-8A6C-1086327B7123}.Debug|Any CPU.ActiveCfg = Debug|Any CPU
		{55CB56A7-66B1-4DC7-8A6C-1086327B7123}.Debug|Any CPU.Build.0 = Debug|Any CPU
		{55CB56A7-66B1-4DC7-8A6C-1086327B7123}.Release|Any CPU.ActiveCfg = Release|Any CPU
		{55CB56A7-66B1-4DC7-8A6C-1086327B7123}.Release|Any CPU.Build.0 = Release|Any CPU
	EndGlobalSection
	GlobalSection(SolutionProperties) = preSolution
		HideSolutionNode = FALSE
	EndGlobalSection
	GlobalSection(ExtensibilityGlobals) = postSolution
		SolutionGuid = {7BD14554-F4F1-4CB9-A9B3-1B4CEA272641}
	EndGlobalSection
EndGlobal
